// !$*UTF8*$!
{
	archiveVersion = 1;
	classes = {
	};
	objectVersion = 46;
	objects = {

/* Begin PBXBuildFile section */
		923634241AAE701900C43134 /* CreateGroupViewController.m in Sources */ = {isa = PBXBuildFile; fileRef = 923634231AAE701900C43134 /* CreateGroupViewController.m */; };
		923634271AAE702700C43134 /* GroupMembersViewController.m in Sources */ = {isa = PBXBuildFile; fileRef = 923634261AAE702700C43134 /* GroupMembersViewController.m */; };
		9246884F1AC7BA8D0045CAA3 /* AddGroupMembersViewController.m in Sources */ = {isa = PBXBuildFile; fileRef = 9246884E1AC7BA8D0045CAA3 /* AddGroupMembersViewController.m */; };
		92CB2E1D1AAE14FC00E1D578 /* GroupsViewController.m in Sources */ = {isa = PBXBuildFile; fileRef = 92CB2E1C1AAE14FC00E1D578 /* GroupsViewController.m */; };
		FF11813E1A9968F600D0798E /* main.m in Sources */ = {isa = PBXBuildFile; fileRef = FF11813D1A9968F600D0798E /* main.m */; };
		FF1181411A9968F600D0798E /* AppDelegate.m in Sources */ = {isa = PBXBuildFile; fileRef = FF1181401A9968F600D0798E /* AppDelegate.m */; };
		FF1181441A9968F600D0798E /* ViewController.m in Sources */ = {isa = PBXBuildFile; fileRef = FF1181431A9968F600D0798E /* ViewController.m */; };
		FF1181471A9968F600D0798E /* Main.storyboard in Resources */ = {isa = PBXBuildFile; fileRef = FF1181451A9968F600D0798E /* Main.storyboard */; };
		FF1181491A9968F600D0798E /* Images.xcassets in Resources */ = {isa = PBXBuildFile; fileRef = FF1181481A9968F600D0798E /* Images.xcassets */; };
		FF11814C1A9968F600D0798E /* LaunchScreen.xib in Resources */ = {isa = PBXBuildFile; fileRef = FF11814A1A9968F600D0798E /* LaunchScreen.xib */; };
		FF1181581A9968F700D0798E /* WhoDatTests.m in Sources */ = {isa = PBXBuildFile; fileRef = FF1181571A9968F700D0798E /* WhoDatTests.m */; };
		FF5FBC8F1A9969F300F2BEB6 /* LoginViewController.m in Sources */ = {isa = PBXBuildFile; fileRef = FF5FBC8E1A9969F300F2BEB6 /* LoginViewController.m */; };
		FF5FBC921A996B5700F2BEB6 /* SignupViewController.m in Sources */ = {isa = PBXBuildFile; fileRef = FF5FBC911A996B5700F2BEB6 /* SignupViewController.m */; };
		FF5FBCC71A9AB37200F2BEB6 /* SendViewController.m in Sources */ = {isa = PBXBuildFile; fileRef = FF5FBCC61A9AB37200F2BEB6 /* SendViewController.m */; };
		FF5FBCCD1A9AB3AA00F2BEB6 /* ProfileViewController.m in Sources */ = {isa = PBXBuildFile; fileRef = FF5FBCCC1A9AB3AA00F2BEB6 /* ProfileViewController.m */; };
		FF5FBCD01A9ABACF00F2BEB6 /* NewsFeedViewController.m in Sources */ = {isa = PBXBuildFile; fileRef = FF5FBCCF1A9ABACF00F2BEB6 /* NewsFeedViewController.m */; };
		FFA0A74D1A9EED89004309BC /* Bolts.framework in Frameworks */ = {isa = PBXBuildFile; fileRef = FFA0A7481A9EED89004309BC /* Bolts.framework */; };
		FFA0A74E1A9EED8A004309BC /* Parse.framework in Frameworks */ = {isa = PBXBuildFile; fileRef = FFA0A7491A9EED89004309BC /* Parse.framework */; };
		FFA0A74F1A9EED8A004309BC /* ParseCrashReporting.framework in Frameworks */ = {isa = PBXBuildFile; fileRef = FFA0A74A1A9EED89004309BC /* ParseCrashReporting.framework */; };
		FFA0A7501A9EED8A004309BC /* ParseFacebookUtils.framework in Frameworks */ = {isa = PBXBuildFile; fileRef = FFA0A74B1A9EED89004309BC /* ParseFacebookUtils.framework */; };
		FFA0A7511A9EED8A004309BC /* ParseUI.framework in Frameworks */ = {isa = PBXBuildFile; fileRef = FFA0A74C1A9EED89004309BC /* ParseUI.framework */; };
		FFA0A75E1A9EEE2F004309BC /* AudioToolbox.framework in Frameworks */ = {isa = PBXBuildFile; fileRef = FFA0A7531A9EEE2F004309BC /* AudioToolbox.framework */; };
		FFA0A75F1A9EEE2F004309BC /* CFNetwork.framework in Frameworks */ = {isa = PBXBuildFile; fileRef = FFA0A7541A9EEE2F004309BC /* CFNetwork.framework */; };
		FFA0A7601A9EEE2F004309BC /* CoreGraphics.framework in Frameworks */ = {isa = PBXBuildFile; fileRef = FFA0A7551A9EEE2F004309BC /* CoreGraphics.framework */; };
		FFA0A7611A9EEE2F004309BC /* CoreLocation.framework in Frameworks */ = {isa = PBXBuildFile; fileRef = FFA0A7561A9EEE2F004309BC /* CoreLocation.framework */; };
		FFA0A7621A9EEE2F004309BC /* libsqlite3.dylib in Frameworks */ = {isa = PBXBuildFile; fileRef = FFA0A7571A9EEE2F004309BC /* libsqlite3.dylib */; };
		FFA0A7631A9EEE2F004309BC /* libz.dylib in Frameworks */ = {isa = PBXBuildFile; fileRef = FFA0A7581A9EEE2F004309BC /* libz.dylib */; };
		FFA0A7641A9EEE2F004309BC /* MobileCoreServices.framework in Frameworks */ = {isa = PBXBuildFile; fileRef = FFA0A7591A9EEE2F004309BC /* MobileCoreServices.framework */; };
		FFA0A7651A9EEE2F004309BC /* QuartzCore.framework in Frameworks */ = {isa = PBXBuildFile; fileRef = FFA0A75A1A9EEE2F004309BC /* QuartzCore.framework */; };
		FFA0A7661A9EEE2F004309BC /* Security.framework in Frameworks */ = {isa = PBXBuildFile; fileRef = FFA0A75B1A9EEE2F004309BC /* Security.framework */; };
		FFA0A7671A9EEE2F004309BC /* StoreKit.framework in Frameworks */ = {isa = PBXBuildFile; fileRef = FFA0A75C1A9EEE2F004309BC /* StoreKit.framework */; };
		FFA0A7681A9EEE2F004309BC /* SystemConfiguration.framework in Frameworks */ = {isa = PBXBuildFile; fileRef = FFA0A75D1A9EEE2F004309BC /* SystemConfiguration.framework */; };
/* End PBXBuildFile section */

/* Begin PBXContainerItemProxy section */
		FF1181521A9968F700D0798E /* PBXContainerItemProxy */ = {
			isa = PBXContainerItemProxy;
			containerPortal = FF1181301A9968F500D0798E /* Project object */;
			proxyType = 1;
			remoteGlobalIDString = FF1181371A9968F500D0798E;
			remoteInfo = WhoDat;
		};
/* End PBXContainerItemProxy section */

/* Begin PBXFileReference section */
		923634221AAE701900C43134 /* CreateGroupViewController.h */ = {isa = PBXFileReference; fileEncoding = 4; lastKnownFileType = sourcecode.c.h; path = CreateGroupViewController.h; sourceTree = "<group>"; };
		923634231AAE701900C43134 /* CreateGroupViewController.m */ = {isa = PBXFileReference; fileEncoding = 4; lastKnownFileType = sourcecode.c.objc; path = CreateGroupViewController.m; sourceTree = "<group>"; };
		923634251AAE702700C43134 /* GroupMembersViewController.h */ = {isa = PBXFileReference; fileEncoding = 4; lastKnownFileType = sourcecode.c.h; path = GroupMembersViewController.h; sourceTree = "<group>"; };
		923634261AAE702700C43134 /* GroupMembersViewController.m */ = {isa = PBXFileReference; fileEncoding = 4; lastKnownFileType = sourcecode.c.objc; path = GroupMembersViewController.m; sourceTree = "<group>"; };
		9246884D1AC7BA8D0045CAA3 /* AddGroupMembersViewController.h */ = {isa = PBXFileReference; fileEncoding = 4; lastKnownFileType = sourcecode.c.h; path = AddGroupMembersViewController.h; sourceTree = "<group>"; };
		9246884E1AC7BA8D0045CAA3 /* AddGroupMembersViewController.m */ = {isa = PBXFileReference; fileEncoding = 4; lastKnownFileType = sourcecode.c.objc; path = AddGroupMembersViewController.m; sourceTree = "<group>"; };
		92CB2E1B1AAE14FC00E1D578 /* GroupsViewController.h */ = {isa = PBXFileReference; fileEncoding = 4; lastKnownFileType = sourcecode.c.h; path = GroupsViewController.h; sourceTree = "<group>"; };
		92CB2E1C1AAE14FC00E1D578 /* GroupsViewController.m */ = {isa = PBXFileReference; fileEncoding = 4; lastKnownFileType = sourcecode.c.objc; path = GroupsViewController.m; sourceTree = "<group>"; };
		FF1181381A9968F500D0798E /* WhoDat.app */ = {isa = PBXFileReference; explicitFileType = wrapper.application; includeInIndex = 0; path = WhoDat.app; sourceTree = BUILT_PRODUCTS_DIR; };
		FF11813C1A9968F500D0798E /* Info.plist */ = {isa = PBXFileReference; lastKnownFileType = text.plist.xml; path = Info.plist; sourceTree = "<group>"; };
		FF11813D1A9968F600D0798E /* main.m */ = {isa = PBXFileReference; lastKnownFileType = sourcecode.c.objc; path = main.m; sourceTree = "<group>"; };
		FF11813F1A9968F600D0798E /* AppDelegate.h */ = {isa = PBXFileReference; lastKnownFileType = sourcecode.c.h; path = AppDelegate.h; sourceTree = "<group>"; };
		FF1181401A9968F600D0798E /* AppDelegate.m */ = {isa = PBXFileReference; lastKnownFileType = sourcecode.c.objc; path = AppDelegate.m; sourceTree = "<group>"; };
		FF1181421A9968F600D0798E /* ViewController.h */ = {isa = PBXFileReference; lastKnownFileType = sourcecode.c.h; path = ViewController.h; sourceTree = "<group>"; };
		FF1181431A9968F600D0798E /* ViewController.m */ = {isa = PBXFileReference; lastKnownFileType = sourcecode.c.objc; path = ViewController.m; sourceTree = "<group>"; };
		FF1181461A9968F600D0798E /* Base */ = {isa = PBXFileReference; lastKnownFileType = file.storyboard; name = Base; path = Base.lproj/Main.storyboard; sourceTree = "<group>"; };
		FF1181481A9968F600D0798E /* Images.xcassets */ = {isa = PBXFileReference; lastKnownFileType = folder.assetcatalog; path = Images.xcassets; sourceTree = "<group>"; };
		FF11814B1A9968F600D0798E /* Base */ = {isa = PBXFileReference; lastKnownFileType = file.xib; name = Base; path = Base.lproj/LaunchScreen.xib; sourceTree = "<group>"; };
		FF1181511A9968F700D0798E /* WhoDatTests.xctest */ = {isa = PBXFileReference; explicitFileType = wrapper.cfbundle; includeInIndex = 0; path = WhoDatTests.xctest; sourceTree = BUILT_PRODUCTS_DIR; };
		FF1181561A9968F700D0798E /* Info.plist */ = {isa = PBXFileReference; lastKnownFileType = text.plist.xml; path = Info.plist; sourceTree = "<group>"; };
		FF1181571A9968F700D0798E /* WhoDatTests.m */ = {isa = PBXFileReference; lastKnownFileType = sourcecode.c.objc; path = WhoDatTests.m; sourceTree = "<group>"; };
		FF5FBC8D1A9969F300F2BEB6 /* LoginViewController.h */ = {isa = PBXFileReference; fileEncoding = 4; lastKnownFileType = sourcecode.c.h; path = LoginViewController.h; sourceTree = "<group>"; };
		FF5FBC8E1A9969F300F2BEB6 /* LoginViewController.m */ = {isa = PBXFileReference; fileEncoding = 4; lastKnownFileType = sourcecode.c.objc; path = LoginViewController.m; sourceTree = "<group>"; };
		FF5FBC901A996B5700F2BEB6 /* SignupViewController.h */ = {isa = PBXFileReference; fileEncoding = 4; lastKnownFileType = sourcecode.c.h; path = SignupViewController.h; sourceTree = "<group>"; };
		FF5FBC911A996B5700F2BEB6 /* SignupViewController.m */ = {isa = PBXFileReference; fileEncoding = 4; lastKnownFileType = sourcecode.c.objc; path = SignupViewController.m; sourceTree = "<group>"; };
		FF5FBCC51A9AB37200F2BEB6 /* SendViewController.h */ = {isa = PBXFileReference; fileEncoding = 4; lastKnownFileType = sourcecode.c.h; path = SendViewController.h; sourceTree = "<group>"; };
		FF5FBCC61A9AB37200F2BEB6 /* SendViewController.m */ = {isa = PBXFileReference; fileEncoding = 4; lastKnownFileType = sourcecode.c.objc; path = SendViewController.m; sourceTree = "<group>"; };
		FF5FBCCB1A9AB3AA00F2BEB6 /* ProfileViewController.h */ = {isa = PBXFileReference; fileEncoding = 4; lastKnownFileType = sourcecode.c.h; path = ProfileViewController.h; sourceTree = "<group>"; };
		FF5FBCCC1A9AB3AA00F2BEB6 /* ProfileViewController.m */ = {isa = PBXFileReference; fileEncoding = 4; lastKnownFileType = sourcecode.c.objc; path = ProfileViewController.m; sourceTree = "<group>"; };
		FF5FBCCE1A9ABACF00F2BEB6 /* NewsFeedViewController.h */ = {isa = PBXFileReference; fileEncoding = 4; lastKnownFileType = sourcecode.c.h; path = NewsFeedViewController.h; sourceTree = "<group>"; };
		FF5FBCCF1A9ABACF00F2BEB6 /* NewsFeedViewController.m */ = {isa = PBXFileReference; fileEncoding = 4; lastKnownFileType = sourcecode.c.objc; path = NewsFeedViewController.m; sourceTree = "<group>"; };
		FFA0A7481A9EED89004309BC /* Bolts.framework */ = {isa = PBXFileReference; lastKnownFileType = wrapper.framework; path = Bolts.framework; sourceTree = "<group>"; };
		FFA0A7491A9EED89004309BC /* Parse.framework */ = {isa = PBXFileReference; lastKnownFileType = wrapper.framework; path = Parse.framework; sourceTree = "<group>"; };
		FFA0A74A1A9EED89004309BC /* ParseCrashReporting.framework */ = {isa = PBXFileReference; lastKnownFileType = wrapper.framework; path = ParseCrashReporting.framework; sourceTree = "<group>"; };
		FFA0A74B1A9EED89004309BC /* ParseFacebookUtils.framework */ = {isa = PBXFileReference; lastKnownFileType = wrapper.framework; path = ParseFacebookUtils.framework; sourceTree = "<group>"; };
		FFA0A74C1A9EED89004309BC /* ParseUI.framework */ = {isa = PBXFileReference; lastKnownFileType = wrapper.framework; path = ParseUI.framework; sourceTree = "<group>"; };
		FFA0A7531A9EEE2F004309BC /* AudioToolbox.framework */ = {isa = PBXFileReference; lastKnownFileType = wrapper.framework; name = AudioToolbox.framework; path = System/Library/Frameworks/AudioToolbox.framework; sourceTree = SDKROOT; };
		FFA0A7541A9EEE2F004309BC /* CFNetwork.framework */ = {isa = PBXFileReference; lastKnownFileType = wrapper.framework; name = CFNetwork.framework; path = System/Library/Frameworks/CFNetwork.framework; sourceTree = SDKROOT; };
		FFA0A7551A9EEE2F004309BC /* CoreGraphics.framework */ = {isa = PBXFileReference; lastKnownFileType = wrapper.framework; name = CoreGraphics.framework; path = System/Library/Frameworks/CoreGraphics.framework; sourceTree = SDKROOT; };
		FFA0A7561A9EEE2F004309BC /* CoreLocation.framework */ = {isa = PBXFileReference; lastKnownFileType = wrapper.framework; name = CoreLocation.framework; path = System/Library/Frameworks/CoreLocation.framework; sourceTree = SDKROOT; };
		FFA0A7571A9EEE2F004309BC /* libsqlite3.dylib */ = {isa = PBXFileReference; lastKnownFileType = "compiled.mach-o.dylib"; name = libsqlite3.dylib; path = usr/lib/libsqlite3.dylib; sourceTree = SDKROOT; };
		FFA0A7581A9EEE2F004309BC /* libz.dylib */ = {isa = PBXFileReference; lastKnownFileType = "compiled.mach-o.dylib"; name = libz.dylib; path = usr/lib/libz.dylib; sourceTree = SDKROOT; };
		FFA0A7591A9EEE2F004309BC /* MobileCoreServices.framework */ = {isa = PBXFileReference; lastKnownFileType = wrapper.framework; name = MobileCoreServices.framework; path = System/Library/Frameworks/MobileCoreServices.framework; sourceTree = SDKROOT; };
		FFA0A75A1A9EEE2F004309BC /* QuartzCore.framework */ = {isa = PBXFileReference; lastKnownFileType = wrapper.framework; name = QuartzCore.framework; path = System/Library/Frameworks/QuartzCore.framework; sourceTree = SDKROOT; };
		FFA0A75B1A9EEE2F004309BC /* Security.framework */ = {isa = PBXFileReference; lastKnownFileType = wrapper.framework; name = Security.framework; path = System/Library/Frameworks/Security.framework; sourceTree = SDKROOT; };
		FFA0A75C1A9EEE2F004309BC /* StoreKit.framework */ = {isa = PBXFileReference; lastKnownFileType = wrapper.framework; name = StoreKit.framework; path = System/Library/Frameworks/StoreKit.framework; sourceTree = SDKROOT; };
		FFA0A75D1A9EEE2F004309BC /* SystemConfiguration.framework */ = {isa = PBXFileReference; lastKnownFileType = wrapper.framework; name = SystemConfiguration.framework; path = System/Library/Frameworks/SystemConfiguration.framework; sourceTree = SDKROOT; };
/* End PBXFileReference section */

/* Begin PBXFrameworksBuildPhase section */
		FF1181351A9968F500D0798E /* Frameworks */ = {
			isa = PBXFrameworksBuildPhase;
			buildActionMask = 2147483647;
			files = (
				FFA0A75E1A9EEE2F004309BC /* AudioToolbox.framework in Frameworks */,
				FFA0A75F1A9EEE2F004309BC /* CFNetwork.framework in Frameworks */,
				FFA0A7601A9EEE2F004309BC /* CoreGraphics.framework in Frameworks */,
				FFA0A7611A9EEE2F004309BC /* CoreLocation.framework in Frameworks */,
				FFA0A7621A9EEE2F004309BC /* libsqlite3.dylib in Frameworks */,
				FFA0A7631A9EEE2F004309BC /* libz.dylib in Frameworks */,
				FFA0A7641A9EEE2F004309BC /* MobileCoreServices.framework in Frameworks */,
				FFA0A7651A9EEE2F004309BC /* QuartzCore.framework in Frameworks */,
				FFA0A7661A9EEE2F004309BC /* Security.framework in Frameworks */,
				FFA0A7671A9EEE2F004309BC /* StoreKit.framework in Frameworks */,
				FFA0A7681A9EEE2F004309BC /* SystemConfiguration.framework in Frameworks */,
				FFA0A74E1A9EED8A004309BC /* Parse.framework in Frameworks */,
				FFA0A74F1A9EED8A004309BC /* ParseCrashReporting.framework in Frameworks */,
				FFA0A7511A9EED8A004309BC /* ParseUI.framework in Frameworks */,
				FFA0A7501A9EED8A004309BC /* ParseFacebookUtils.framework in Frameworks */,
				FFA0A74D1A9EED89004309BC /* Bolts.framework in Frameworks */,
			);
			runOnlyForDeploymentPostprocessing = 0;
		};
		FF11814E1A9968F700D0798E /* Frameworks */ = {
			isa = PBXFrameworksBuildPhase;
			buildActionMask = 2147483647;
			files = (
			);
			runOnlyForDeploymentPostprocessing = 0;
		};
/* End PBXFrameworksBuildPhase section */

/* Begin PBXGroup section */
		FF11812F1A9968F500D0798E = {
			isa = PBXGroup;
			children = (
				FF11813A1A9968F500D0798E /* WhoDat */,
				FF1181541A9968F700D0798E /* WhoDatTests */,
				FF1181391A9968F500D0798E /* Products */,
				FFA0A7521A9EEDB1004309BC /* Frameworks */,
			);
			sourceTree = "<group>";
		};
		FF1181391A9968F500D0798E /* Products */ = {
			isa = PBXGroup;
			children = (
				FF1181381A9968F500D0798E /* WhoDat.app */,
				FF1181511A9968F700D0798E /* WhoDatTests.xctest */,
			);
			name = Products;
			sourceTree = "<group>";
		};
		FF11813A1A9968F500D0798E /* WhoDat */ = {
			isa = PBXGroup;
			children = (
				FF11813F1A9968F600D0798E /* AppDelegate.h */,
				FF1181401A9968F600D0798E /* AppDelegate.m */,
				FF1181421A9968F600D0798E /* ViewController.h */,
				FF1181431A9968F600D0798E /* ViewController.m */,
				FF5FBC8D1A9969F300F2BEB6 /* LoginViewController.h */,
				FF5FBC8E1A9969F300F2BEB6 /* LoginViewController.m */,
				FF5FBC901A996B5700F2BEB6 /* SignupViewController.h */,
				FF5FBC911A996B5700F2BEB6 /* SignupViewController.m */,
				92CB2E1B1AAE14FC00E1D578 /* GroupsViewController.h */,
				92CB2E1C1AAE14FC00E1D578 /* GroupsViewController.m */,
				923634221AAE701900C43134 /* CreateGroupViewController.h */,
				923634231AAE701900C43134 /* CreateGroupViewController.m */,
				923634251AAE702700C43134 /* GroupMembersViewController.h */,
				923634261AAE702700C43134 /* GroupMembersViewController.m */,
				9246884D1AC7BA8D0045CAA3 /* AddGroupMembersViewController.h */,
				9246884E1AC7BA8D0045CAA3 /* AddGroupMembersViewController.m */,
				FF5FBCC51A9AB37200F2BEB6 /* SendViewController.h */,
				FF5FBCC61A9AB37200F2BEB6 /* SendViewController.m */,
				FF5FBCCE1A9ABACF00F2BEB6 /* NewsFeedViewController.h */,
				FF5FBCCF1A9ABACF00F2BEB6 /* NewsFeedViewController.m */,
				FF5FBCCB1A9AB3AA00F2BEB6 /* ProfileViewController.h */,
				FF5FBCCC1A9AB3AA00F2BEB6 /* ProfileViewController.m */,
				FF1181451A9968F600D0798E /* Main.storyboard */,
				FF1181481A9968F600D0798E /* Images.xcassets */,
				FF11814A1A9968F600D0798E /* LaunchScreen.xib */,
				FF11813B1A9968F500D0798E /* Supporting Files */,
			);
			path = WhoDat;
			sourceTree = "<group>";
		};
		FF11813B1A9968F500D0798E /* Supporting Files */ = {
			isa = PBXGroup;
			children = (
				FF11813C1A9968F500D0798E /* Info.plist */,
				FF11813D1A9968F600D0798E /* main.m */,
			);
			name = "Supporting Files";
			sourceTree = "<group>";
		};
		FF1181541A9968F700D0798E /* WhoDatTests */ = {
			isa = PBXGroup;
			children = (
				FF1181571A9968F700D0798E /* WhoDatTests.m */,
				FF1181551A9968F700D0798E /* Supporting Files */,
			);
			path = WhoDatTests;
			sourceTree = "<group>";
		};
		FF1181551A9968F700D0798E /* Supporting Files */ = {
			isa = PBXGroup;
			children = (
				FF1181561A9968F700D0798E /* Info.plist */,
			);
			name = "Supporting Files";
			sourceTree = "<group>";
		};
		FFA0A7521A9EEDB1004309BC /* Frameworks */ = {
			isa = PBXGroup;
			children = (
				FFA0A7531A9EEE2F004309BC /* AudioToolbox.framework */,
				FFA0A7541A9EEE2F004309BC /* CFNetwork.framework */,
				FFA0A7551A9EEE2F004309BC /* CoreGraphics.framework */,
				FFA0A7561A9EEE2F004309BC /* CoreLocation.framework */,
				FFA0A7571A9EEE2F004309BC /* libsqlite3.dylib */,
				FFA0A7581A9EEE2F004309BC /* libz.dylib */,
				FFA0A7591A9EEE2F004309BC /* MobileCoreServices.framework */,
				FFA0A75A1A9EEE2F004309BC /* QuartzCore.framework */,
				FFA0A75B1A9EEE2F004309BC /* Security.framework */,
				FFA0A75C1A9EEE2F004309BC /* StoreKit.framework */,
				FFA0A75D1A9EEE2F004309BC /* SystemConfiguration.framework */,
				FFA0A7491A9EED89004309BC /* Parse.framework */,
				FFA0A74A1A9EED89004309BC /* ParseCrashReporting.framework */,
				FFA0A74B1A9EED89004309BC /* ParseFacebookUtils.framework */,
				FFA0A74C1A9EED89004309BC /* ParseUI.framework */,
				FFA0A7481A9EED89004309BC /* Bolts.framework */,
			);
			name = Frameworks;
			sourceTree = "<group>";
		};
/* End PBXGroup section */

/* Begin PBXNativeTarget section */
		FF1181371A9968F500D0798E /* WhoDat */ = {
			isa = PBXNativeTarget;
			buildConfigurationList = FF11815B1A9968F700D0798E /* Build configuration list for PBXNativeTarget "WhoDat" */;
			buildPhases = (
				FF1181341A9968F500D0798E /* Sources */,
				FF1181351A9968F500D0798E /* Frameworks */,
				FF1181361A9968F500D0798E /* Resources */,
			);
			buildRules = (
			);
			dependencies = (
			);
			name = WhoDat;
			productName = WhoDat;
			productReference = FF1181381A9968F500D0798E /* WhoDat.app */;
			productType = "com.apple.product-type.application";
		};
		FF1181501A9968F700D0798E /* WhoDatTests */ = {
			isa = PBXNativeTarget;
			buildConfigurationList = FF11815E1A9968F700D0798E /* Build configuration list for PBXNativeTarget "WhoDatTests" */;
			buildPhases = (
				FF11814D1A9968F700D0798E /* Sources */,
				FF11814E1A9968F700D0798E /* Frameworks */,
				FF11814F1A9968F700D0798E /* Resources */,
			);
			buildRules = (
			);
			dependencies = (
				FF1181531A9968F700D0798E /* PBXTargetDependency */,
			);
			name = WhoDatTests;
			productName = WhoDatTests;
			productReference = FF1181511A9968F700D0798E /* WhoDatTests.xctest */;
			productType = "com.apple.product-type.bundle.unit-test";
		};
/* End PBXNativeTarget section */

/* Begin PBXProject section */
		FF1181301A9968F500D0798E /* Project object */ = {
			isa = PBXProject;
			attributes = {
				LastUpgradeCheck = 0610;
				ORGANIZATIONNAME = "Anthony Williams";
				TargetAttributes = {
					FF1181371A9968F500D0798E = {
						CreatedOnToolsVersion = 6.1.1;
						DevelopmentTeam = PC92889S4P;
					};
					FF1181501A9968F700D0798E = {
						CreatedOnToolsVersion = 6.1.1;
						TestTargetID = FF1181371A9968F500D0798E;
					};
				};
			};
			buildConfigurationList = FF1181331A9968F500D0798E /* Build configuration list for PBXProject "WhoDat" */;
			compatibilityVersion = "Xcode 3.2";
			developmentRegion = English;
			hasScannedForEncodings = 0;
			knownRegions = (
				en,
				Base,
			);
			mainGroup = FF11812F1A9968F500D0798E;
			productRefGroup = FF1181391A9968F500D0798E /* Products */;
			projectDirPath = "";
			projectRoot = "";
			targets = (
				FF1181371A9968F500D0798E /* WhoDat */,
				FF1181501A9968F700D0798E /* WhoDatTests */,
			);
		};
/* End PBXProject section */

/* Begin PBXResourcesBuildPhase section */
		FF1181361A9968F500D0798E /* Resources */ = {
			isa = PBXResourcesBuildPhase;
			buildActionMask = 2147483647;
			files = (
				FF1181471A9968F600D0798E /* Main.storyboard in Resources */,
				FF11814C1A9968F600D0798E /* LaunchScreen.xib in Resources */,
				FF1181491A9968F600D0798E /* Images.xcassets in Resources */,
			);
			runOnlyForDeploymentPostprocessing = 0;
		};
		FF11814F1A9968F700D0798E /* Resources */ = {
			isa = PBXResourcesBuildPhase;
			buildActionMask = 2147483647;
			files = (
			);
			runOnlyForDeploymentPostprocessing = 0;
		};
/* End PBXResourcesBuildPhase section */

/* Begin PBXSourcesBuildPhase section */
		FF1181341A9968F500D0798E /* Sources */ = {
			isa = PBXSourcesBuildPhase;
			buildActionMask = 2147483647;
			files = (
				FF5FBCC71A9AB37200F2BEB6 /* SendViewController.m in Sources */,
				923634241AAE701900C43134 /* CreateGroupViewController.m in Sources */,
				923634271AAE702700C43134 /* GroupMembersViewController.m in Sources */,
				FF5FBCCD1A9AB3AA00F2BEB6 /* ProfileViewController.m in Sources */,
				FF5FBC8F1A9969F300F2BEB6 /* LoginViewController.m in Sources */,
				9246884F1AC7BA8D0045CAA3 /* AddGroupMembersViewController.m in Sources */,
				FF5FBCD01A9ABACF00F2BEB6 /* NewsFeedViewController.m in Sources */,
				FF1181441A9968F600D0798E /* ViewController.m in Sources */,
				92CB2E1D1AAE14FC00E1D578 /* GroupsViewController.m in Sources */,
				FF1181411A9968F600D0798E /* AppDelegate.m in Sources */,
				FF11813E1A9968F600D0798E /* main.m in Sources */,
				FF5FBC921A996B5700F2BEB6 /* SignupViewController.m in Sources */,
			);
			runOnlyForDeploymentPostprocessing = 0;
		};
		FF11814D1A9968F700D0798E /* Sources */ = {
			isa = PBXSourcesBuildPhase;
			buildActionMask = 2147483647;
			files = (
				FF1181581A9968F700D0798E /* WhoDatTests.m in Sources */,
			);
			runOnlyForDeploymentPostprocessing = 0;
		};
/* End PBXSourcesBuildPhase section */

/* Begin PBXTargetDependency section */
		FF1181531A9968F700D0798E /* PBXTargetDependency */ = {
			isa = PBXTargetDependency;
			target = FF1181371A9968F500D0798E /* WhoDat */;
			targetProxy = FF1181521A9968F700D0798E /* PBXContainerItemProxy */;
		};
/* End PBXTargetDependency section */

/* Begin PBXVariantGroup section */
		FF1181451A9968F600D0798E /* Main.storyboard */ = {
			isa = PBXVariantGroup;
			children = (
				FF1181461A9968F600D0798E /* Base */,
			);
			name = Main.storyboard;
			sourceTree = "<group>";
		};
		FF11814A1A9968F600D0798E /* LaunchScreen.xib */ = {
			isa = PBXVariantGroup;
			children = (
				FF11814B1A9968F600D0798E /* Base */,
			);
			name = LaunchScreen.xib;
			sourceTree = "<group>";
		};
/* End PBXVariantGroup section */

/* Begin XCBuildConfiguration section */
		FF1181591A9968F700D0798E /* Debug */ = {
			isa = XCBuildConfiguration;
			buildSettings = {
				ALWAYS_SEARCH_USER_PATHS = NO;
				CLANG_CXX_LANGUAGE_STANDARD = "gnu++0x";
				CLANG_CXX_LIBRARY = "libc++";
				CLANG_ENABLE_MODULES = YES;
				CLANG_ENABLE_OBJC_ARC = YES;
				CLANG_WARN_BOOL_CONVERSION = YES;
				CLANG_WARN_CONSTANT_CONVERSION = YES;
				CLANG_WARN_DIRECT_OBJC_ISA_USAGE = YES_ERROR;
				CLANG_WARN_EMPTY_BODY = YES;
				CLANG_WARN_ENUM_CONVERSION = YES;
				CLANG_WARN_INT_CONVERSION = YES;
				CLANG_WARN_OBJC_ROOT_CLASS = YES_ERROR;
				CLANG_WARN_UNREACHABLE_CODE = YES;
				CLANG_WARN__DUPLICATE_METHOD_MATCH = YES;
				"CODE_SIGN_IDENTITY[sdk=iphoneos*]" = "iPhone Developer";
				COPY_PHASE_STRIP = NO;
				ENABLE_STRICT_OBJC_MSGSEND = YES;
				GCC_C_LANGUAGE_STANDARD = gnu99;
				GCC_DYNAMIC_NO_PIC = NO;
				GCC_OPTIMIZATION_LEVEL = 0;
				GCC_PREPROCESSOR_DEFINITIONS = (
					"DEBUG=1",
					"$(inherited)",
				);
				GCC_SYMBOLS_PRIVATE_EXTERN = NO;
				GCC_WARN_64_TO_32_BIT_CONVERSION = YES;
				GCC_WARN_ABOUT_RETURN_TYPE = YES_ERROR;
				GCC_WARN_UNDECLARED_SELECTOR = YES;
				GCC_WARN_UNINITIALIZED_AUTOS = YES_AGGRESSIVE;
				GCC_WARN_UNUSED_FUNCTION = YES;
				GCC_WARN_UNUSED_VARIABLE = YES;
				IPHONEOS_DEPLOYMENT_TARGET = 8.1;
				MTL_ENABLE_DEBUG_INFO = YES;
				ONLY_ACTIVE_ARCH = YES;
				SDKROOT = iphoneos;
			};
			name = Debug;
		};
		FF11815A1A9968F700D0798E /* Release */ = {
			isa = XCBuildConfiguration;
			buildSettings = {
				ALWAYS_SEARCH_USER_PATHS = NO;
				CLANG_CXX_LANGUAGE_STANDARD = "gnu++0x";
				CLANG_CXX_LIBRARY = "libc++";
				CLANG_ENABLE_MODULES = YES;
				CLANG_ENABLE_OBJC_ARC = YES;
				CLANG_WARN_BOOL_CONVERSION = YES;
				CLANG_WARN_CONSTANT_CONVERSION = YES;
				CLANG_WARN_DIRECT_OBJC_ISA_USAGE = YES_ERROR;
				CLANG_WARN_EMPTY_BODY = YES;
				CLANG_WARN_ENUM_CONVERSION = YES;
				CLANG_WARN_INT_CONVERSION = YES;
				CLANG_WARN_OBJC_ROOT_CLASS = YES_ERROR;
				CLANG_WARN_UNREACHABLE_CODE = YES;
				CLANG_WARN__DUPLICATE_METHOD_MATCH = YES;
				"CODE_SIGN_IDENTITY[sdk=iphoneos*]" = "iPhone Developer";
				COPY_PHASE_STRIP = YES;
				ENABLE_NS_ASSERTIONS = NO;
				ENABLE_STRICT_OBJC_MSGSEND = YES;
				GCC_C_LANGUAGE_STANDARD = gnu99;
				GCC_WARN_64_TO_32_BIT_CONVERSION = YES;
				GCC_WARN_ABOUT_RETURN_TYPE = YES_ERROR;
				GCC_WARN_UNDECLARED_SELECTOR = YES;
				GCC_WARN_UNINITIALIZED_AUTOS = YES_AGGRESSIVE;
				GCC_WARN_UNUSED_FUNCTION = YES;
				GCC_WARN_UNUSED_VARIABLE = YES;
				IPHONEOS_DEPLOYMENT_TARGET = 8.1;
				MTL_ENABLE_DEBUG_INFO = NO;
				SDKROOT = iphoneos;
				VALIDATE_PRODUCT = YES;
			};
			name = Release;
		};
		FF11815C1A9968F700D0798E /* Debug */ = {
			isa = XCBuildConfiguration;
			buildSettings = {
				ASSETCATALOG_COMPILER_APPICON_NAME = AppIcon;
				FRAMEWORK_SEARCH_PATHS = (
					"$(inherited)",
					"$(PROJECT_DIR)",
				);
				INFOPLIST_FILE = WhoDat/Info.plist;
				LD_RUNPATH_SEARCH_PATHS = "$(inherited) @executable_path/Frameworks";
				PRODUCT_NAME = "$(TARGET_NAME)";
			};
			name = Debug;
		};
		FF11815D1A9968F700D0798E /* Release */ = {
			isa = XCBuildConfiguration;
			buildSettings = {
				ASSETCATALOG_COMPILER_APPICON_NAME = AppIcon;
				FRAMEWORK_SEARCH_PATHS = (
					"$(inherited)",
					"$(PROJECT_DIR)",
				);
				INFOPLIST_FILE = WhoDat/Info.plist;
				LD_RUNPATH_SEARCH_PATHS = "$(inherited) @executable_path/Frameworks";
				PRODUCT_NAME = "$(TARGET_NAME)";
			};
			name = Release;
		};
		FF11815F1A9968F700D0798E /* Debug */ = {
			isa = XCBuildConfiguration;
			buildSettings = {
				BUNDLE_LOADER = "$(TEST_HOST)";
				FRAMEWORK_SEARCH_PATHS = (
					"$(SDKROOT)/Developer/Library/Frameworks",
					"$(inherited)",
				);
				GCC_PREPROCESSOR_DEFINITIONS = (
					"DEBUG=1",
					"$(inherited)",
				);
				INFOPLIST_FILE = WhoDatTests/Info.plist;
				LD_RUNPATH_SEARCH_PATHS = "$(inherited) @executable_path/Frameworks @loader_path/Frameworks";
				PRODUCT_NAME = "$(TARGET_NAME)";
				TEST_HOST = "$(BUILT_PRODUCTS_DIR)/WhoDat.app/WhoDat";
			};
			name = Debug;
		};
		FF1181601A9968F700D0798E /* Release */ = {
			isa = XCBuildConfiguration;
			buildSettings = {
				BUNDLE_LOADER = "$(TEST_HOST)";
				FRAMEWORK_SEARCH_PATHS = (
					"$(SDKROOT)/Developer/Library/Frameworks",
					"$(inherited)",
				);
				INFOPLIST_FILE = WhoDatTests/Info.plist;
				LD_RUNPATH_SEARCH_PATHS = "$(inherited) @executable_path/Frameworks @loader_path/Frameworks";
				PRODUCT_NAME = "$(TARGET_NAME)";
				TEST_HOST = "$(BUILT_PRODUCTS_DIR)/WhoDat.app/WhoDat";
			};
			name = Release;
		};
/* End XCBuildConfiguration section */

/* Begin XCConfigurationList section */
		FF1181331A9968F500D0798E /* Build configuration list for PBXProject "WhoDat" */ = {
			isa = XCConfigurationList;
			buildConfigurations = (
				FF1181591A9968F700D0798E /* Debug */,
				FF11815A1A9968F700D0798E /* Release */,
			);
			defaultConfigurationIsVisible = 0;
			defaultConfigurationName = Release;
		};
		FF11815B1A9968F700D0798E /* Build configuration list for PBXNativeTarget "WhoDat" */ = {
			isa = XCConfigurationList;
			buildConfigurations = (
				FF11815C1A9968F700D0798E /* Debug */,
				FF11815D1A9968F700D0798E /* Release */,
			);
			defaultConfigurationIsVisible = 0;
			defaultConfigurationName = Release;
		};
		FF11815E1A9968F700D0798E /* Build configuration list for PBXNativeTarget "WhoDatTests" */ = {
			isa = XCConfigurationList;
			buildConfigurations = (
				FF11815F1A9968F700D0798E /* Debug */,
				FF1181601A9968F700D0798E /* Release */,
			);
			defaultConfigurationIsVisible = 0;
			defaultConfigurationName = Release;
		};
/* End XCConfigurationList section */
	};
	rootObject = FF1181301A9968F500D0798E /* Project object */;
}
